// !$*UTF8*$!
{
	archiveVersion = 1;
	classes = {
	};
	objectVersion = 48;
	objects = {

/* Begin PBXBuildFile section */
		40001BC81F31A211001C099C /* PalindromeTests.swift in Sources */ = {isa = PBXBuildFile; fileRef = 40001BC71F31A211001C099C /* PalindromeTests.swift */; };
		4027434D1F918B9500D2E6FF /* ArrayRemoveDuplicatesTests.swift in Sources */ = {isa = PBXBuildFile; fileRef = 4027434C1F918B9500D2E6FF /* ArrayRemoveDuplicatesTests.swift */; };
		4027434E1F918C9B00D2E6FF /* ArrayRemoveDuplicates.swift in Sources */ = {isa = PBXBuildFile; fileRef = 407D8C8A1F7BF478004C6224 /* ArrayRemoveDuplicates.swift */; };
		402743521F91931500D2E6FF /* OccurrencesOfCharacter.swift in Sources */ = {isa = PBXBuildFile; fileRef = 402743511F91931500D2E6FF /* OccurrencesOfCharacter.swift */; };
		402743531F91931500D2E6FF /* OccurrencesOfCharacter.swift in Sources */ = {isa = PBXBuildFile; fileRef = 402743511F91931500D2E6FF /* OccurrencesOfCharacter.swift */; };
		402743551F91948D00D2E6FF /* OccurrencesOfCharacterTests.swift in Sources */ = {isa = PBXBuildFile; fileRef = 402743541F91948D00D2E6FF /* OccurrencesOfCharacterTests.swift */; };
		402743591F919BFA00D2E6FF /* CondenseWhitespaceTests.swift in Sources */ = {isa = PBXBuildFile; fileRef = 402743581F919BFA00D2E6FF /* CondenseWhitespaceTests.swift */; };
		4027435B1F91ADDB00D2E6FF /* RotatedString.swift in Sources */ = {isa = PBXBuildFile; fileRef = 4027435A1F91ADDB00D2E6FF /* RotatedString.swift */; };
		4027435C1F91ADDB00D2E6FF /* RotatedString.swift in Sources */ = {isa = PBXBuildFile; fileRef = 4027435A1F91ADDB00D2E6FF /* RotatedString.swift */; };
		4027435E1F91C6DB00D2E6FF /* RotatedStringTests.swift in Sources */ = {isa = PBXBuildFile; fileRef = 4027435D1F91C6DB00D2E6FF /* RotatedStringTests.swift */; };
		4038A19B1F30431800056C9F /* AppDelegate.swift in Sources */ = {isa = PBXBuildFile; fileRef = 4038A19A1F30431800056C9F /* AppDelegate.swift */; };
		4038A19D1F30431800056C9F /* ViewController.swift in Sources */ = {isa = PBXBuildFile; fileRef = 4038A19C1F30431800056C9F /* ViewController.swift */; };
		4038A19F1F30431800056C9F /* Assets.xcassets in Resources */ = {isa = PBXBuildFile; fileRef = 4038A19E1F30431800056C9F /* Assets.xcassets */; };
		4038A1A21F30431800056C9F /* Main.storyboard in Resources */ = {isa = PBXBuildFile; fileRef = 4038A1A01F30431800056C9F /* Main.storyboard */; };
		4038A1AE1F30431800056C9F /* UniqueCharactersTest.swift in Sources */ = {isa = PBXBuildFile; fileRef = 4038A1AD1F30431800056C9F /* UniqueCharactersTest.swift */; };
		4038A1B91F30431800056C9F /* swift_algorithmsUITests.swift in Sources */ = {isa = PBXBuildFile; fileRef = 4038A1B81F30431800056C9F /* swift_algorithmsUITests.swift */; };
		4038A1CA1F30524900056C9F /* UniqueCharacters.swift in Sources */ = {isa = PBXBuildFile; fileRef = 4038A1C91F30524900056C9F /* UniqueCharacters.swift */; };
		4038A1CC1F3053D700056C9F /* HelpersTest.swift in Sources */ = {isa = PBXBuildFile; fileRef = 4038A1CB1F3053D700056C9F /* HelpersTest.swift */; };
		4038A1CD1F30581700056C9F /* Helpers.swift in Sources */ = {isa = PBXBuildFile; fileRef = 4038A1C61F30434D00056C9F /* Helpers.swift */; };
		4038A1CE1F30582000056C9F /* Helpers.swift in Sources */ = {isa = PBXBuildFile; fileRef = 4038A1C61F30434D00056C9F /* Helpers.swift */; };
		407D8C8B1F7BF478004C6224 /* ArrayRemoveDuplicates.swift in Sources */ = {isa = PBXBuildFile; fileRef = 407D8C8A1F7BF478004C6224 /* ArrayRemoveDuplicates.swift */; };
		407E118C1F31A4CE007EFF9D /* SameCharacters.swift in Sources */ = {isa = PBXBuildFile; fileRef = 407E118B1F31A4CE007EFF9D /* SameCharacters.swift */; };
		407E118E1F31AC8F007EFF9D /* SameCharactersTests.swift in Sources */ = {isa = PBXBuildFile; fileRef = 407E118D1F31AC8F007EFF9D /* SameCharactersTests.swift */; };
		407E11901F31B963007EFF9D /* Contains.swift in Sources */ = {isa = PBXBuildFile; fileRef = 407E118F1F31B963007EFF9D /* Contains.swift */; };
		407E11921F31BD32007EFF9D /* ContainsTests.swift in Sources */ = {isa = PBXBuildFile; fileRef = 407E11911F31BD32007EFF9D /* ContainsTests.swift */; };
		407E11981F32BF00007EFF9D /* RemoveDuplicates.swift in Sources */ = {isa = PBXBuildFile; fileRef = 407E11971F32BF00007EFF9D /* RemoveDuplicates.swift */; };
		407E119A1F32BF56007EFF9D /* RemoveDuplicateTests.swift in Sources */ = {isa = PBXBuildFile; fileRef = 407E11991F32BF56007EFF9D /* RemoveDuplicateTests.swift */; };
		407E119C1F330A41007EFF9D /* CondenseWhitespace.swift in Sources */ = {isa = PBXBuildFile; fileRef = 407E119B1F330A41007EFF9D /* CondenseWhitespace.swift */; };
		4094161F20AE965E0013BCE2 /* Pangram.swift in Sources */ = {isa = PBXBuildFile; fileRef = 4094161E20AE965E0013BCE2 /* Pangram.swift */; };
		4094162120AE9A620013BCE2 /* PangramTests.swift in Sources */ = {isa = PBXBuildFile; fileRef = 4094162020AE9A620013BCE2 /* PangramTests.swift */; };
		4094162320AEA00C0013BCE2 /* VowelsAndConsonants.swift in Sources */ = {isa = PBXBuildFile; fileRef = 4094162220AEA00C0013BCE2 /* VowelsAndConsonants.swift */; };
		4094162520AEA0210013BCE2 /* VowelsAndConsonantsTests.swift in Sources */ = {isa = PBXBuildFile; fileRef = 4094162420AEA0210013BCE2 /* VowelsAndConsonantsTests.swift */; };
		40EAACCC20C77186003E8ED6 /* CenturyFromYear.swift in Sources */ = {isa = PBXBuildFile; fileRef = 40EAACCB20C77186003E8ED6 /* CenturyFromYear.swift */; };
		40EAACCF20C771B4003E8ED6 /* CenturyFromYearTests.swift in Sources */ = {isa = PBXBuildFile; fileRef = 40EAACCE20C771B4003E8ED6 /* CenturyFromYearTests.swift */; };
		40EAAD3B20CA5077003E8ED6 /* ThreeDifferentLetters.swift in Sources */ = {isa = PBXBuildFile; fileRef = 40EAAD3A20CA5077003E8ED6 /* ThreeDifferentLetters.swift */; };
		40EAAD3D20CA578A003E8ED6 /* ThreeDifferentLettersTests.swift in Sources */ = {isa = PBXBuildFile; fileRef = 40EAAD3C20CA578A003E8ED6 /* ThreeDifferentLettersTests.swift */; };
		40EAAD3F20CB0F25003E8ED6 /* FindLongestPrefix.swift in Sources */ = {isa = PBXBuildFile; fileRef = 40EAAD3E20CB0F25003E8ED6 /* FindLongestPrefix.swift */; };
		40EAAD4120CB4982003E8ED6 /* FindLongestPrefixTests.swift in Sources */ = {isa = PBXBuildFile; fileRef = 40EAAD4020CB4982003E8ED6 /* FindLongestPrefixTests.swift */; };
		40F75BE71F319F18000341E9 /* Palindrome.swift in Sources */ = {isa = PBXBuildFile; fileRef = 40F75BE61F319F18000341E9 /* Palindrome.swift */; };
/* End PBXBuildFile section */

/* Begin PBXContainerItemProxy section */
		4038A1AA1F30431800056C9F /* PBXContainerItemProxy */ = {
			isa = PBXContainerItemProxy;
			containerPortal = 4038A18F1F30431700056C9F /* Project object */;
			proxyType = 1;
			remoteGlobalIDString = 4038A1961F30431800056C9F;
			remoteInfo = "swift-algorithms";
		};
		4038A1B51F30431800056C9F /* PBXContainerItemProxy */ = {
			isa = PBXContainerItemProxy;
			containerPortal = 4038A18F1F30431700056C9F /* Project object */;
			proxyType = 1;
			remoteGlobalIDString = 4038A1961F30431800056C9F;
			remoteInfo = "swift-algorithms";
		};
/* End PBXContainerItemProxy section */

/* Begin PBXFileReference section */
		40001BC71F31A211001C099C /* PalindromeTests.swift */ = {isa = PBXFileReference; lastKnownFileType = sourcecode.swift; path = PalindromeTests.swift; sourceTree = "<group>"; };
		4027434C1F918B9500D2E6FF /* ArrayRemoveDuplicatesTests.swift */ = {isa = PBXFileReference; lastKnownFileType = sourcecode.swift; path = ArrayRemoveDuplicatesTests.swift; sourceTree = "<group>"; };
		402743511F91931500D2E6FF /* OccurrencesOfCharacter.swift */ = {isa = PBXFileReference; lastKnownFileType = sourcecode.swift; path = OccurrencesOfCharacter.swift; sourceTree = "<group>"; };
		402743541F91948D00D2E6FF /* OccurrencesOfCharacterTests.swift */ = {isa = PBXFileReference; lastKnownFileType = sourcecode.swift; path = OccurrencesOfCharacterTests.swift; sourceTree = "<group>"; };
		402743581F919BFA00D2E6FF /* CondenseWhitespaceTests.swift */ = {isa = PBXFileReference; lastKnownFileType = sourcecode.swift; path = CondenseWhitespaceTests.swift; sourceTree = "<group>"; };
		4027435A1F91ADDB00D2E6FF /* RotatedString.swift */ = {isa = PBXFileReference; lastKnownFileType = sourcecode.swift; path = RotatedString.swift; sourceTree = "<group>"; };
		4027435D1F91C6DB00D2E6FF /* RotatedStringTests.swift */ = {isa = PBXFileReference; lastKnownFileType = sourcecode.swift; path = RotatedStringTests.swift; sourceTree = "<group>"; };
		4038A1971F30431800056C9F /* swift-algorithms.app */ = {isa = PBXFileReference; explicitFileType = wrapper.application; includeInIndex = 0; path = "swift-algorithms.app"; sourceTree = BUILT_PRODUCTS_DIR; };
		4038A19A1F30431800056C9F /* AppDelegate.swift */ = {isa = PBXFileReference; lastKnownFileType = sourcecode.swift; path = AppDelegate.swift; sourceTree = "<group>"; };
		4038A19C1F30431800056C9F /* ViewController.swift */ = {isa = PBXFileReference; lastKnownFileType = sourcecode.swift; path = ViewController.swift; sourceTree = "<group>"; };
		4038A19E1F30431800056C9F /* Assets.xcassets */ = {isa = PBXFileReference; lastKnownFileType = folder.assetcatalog; path = Assets.xcassets; sourceTree = "<group>"; };
		4038A1A11F30431800056C9F /* Base */ = {isa = PBXFileReference; lastKnownFileType = file.storyboard; name = Base; path = Base.lproj/Main.storyboard; sourceTree = "<group>"; };
		4038A1A31F30431800056C9F /* Info.plist */ = {isa = PBXFileReference; lastKnownFileType = text.plist.xml; path = Info.plist; sourceTree = "<group>"; };
		4038A1A41F30431800056C9F /* swift_algorithms.entitlements */ = {isa = PBXFileReference; lastKnownFileType = text.plist.entitlements; path = swift_algorithms.entitlements; sourceTree = "<group>"; };
		4038A1A91F30431800056C9F /* swift-algorithmsTests.xctest */ = {isa = PBXFileReference; explicitFileType = wrapper.cfbundle; includeInIndex = 0; path = "swift-algorithmsTests.xctest"; sourceTree = BUILT_PRODUCTS_DIR; };
		4038A1AD1F30431800056C9F /* UniqueCharactersTest.swift */ = {isa = PBXFileReference; lastKnownFileType = sourcecode.swift; path = UniqueCharactersTest.swift; sourceTree = "<group>"; };
		4038A1AF1F30431800056C9F /* Info.plist */ = {isa = PBXFileReference; lastKnownFileType = text.plist.xml; path = Info.plist; sourceTree = "<group>"; };
		4038A1B41F30431800056C9F /* swift-algorithmsUITests.xctest */ = {isa = PBXFileReference; explicitFileType = wrapper.cfbundle; includeInIndex = 0; path = "swift-algorithmsUITests.xctest"; sourceTree = BUILT_PRODUCTS_DIR; };
		4038A1B81F30431800056C9F /* swift_algorithmsUITests.swift */ = {isa = PBXFileReference; lastKnownFileType = sourcecode.swift; path = swift_algorithmsUITests.swift; sourceTree = "<group>"; };
		4038A1BA1F30431800056C9F /* Info.plist */ = {isa = PBXFileReference; lastKnownFileType = text.plist.xml; path = Info.plist; sourceTree = "<group>"; };
		4038A1C61F30434D00056C9F /* Helpers.swift */ = {isa = PBXFileReference; lastKnownFileType = sourcecode.swift; path = Helpers.swift; sourceTree = "<group>"; };
		4038A1C91F30524900056C9F /* UniqueCharacters.swift */ = {isa = PBXFileReference; lastKnownFileType = sourcecode.swift; path = UniqueCharacters.swift; sourceTree = "<group>"; };
		4038A1CB1F3053D700056C9F /* HelpersTest.swift */ = {isa = PBXFileReference; lastKnownFileType = sourcecode.swift; path = HelpersTest.swift; sourceTree = "<group>"; };
		407D8C8A1F7BF478004C6224 /* ArrayRemoveDuplicates.swift */ = {isa = PBXFileReference; lastKnownFileType = sourcecode.swift; path = ArrayRemoveDuplicates.swift; sourceTree = "<group>"; };
		407E118B1F31A4CE007EFF9D /* SameCharacters.swift */ = {isa = PBXFileReference; lastKnownFileType = sourcecode.swift; path = SameCharacters.swift; sourceTree = "<group>"; };
		407E118D1F31AC8F007EFF9D /* SameCharactersTests.swift */ = {isa = PBXFileReference; lastKnownFileType = sourcecode.swift; path = SameCharactersTests.swift; sourceTree = "<group>"; };
		407E118F1F31B963007EFF9D /* Contains.swift */ = {isa = PBXFileReference; lastKnownFileType = sourcecode.swift; path = Contains.swift; sourceTree = "<group>"; };
		407E11911F31BD32007EFF9D /* ContainsTests.swift */ = {isa = PBXFileReference; lastKnownFileType = sourcecode.swift; path = ContainsTests.swift; sourceTree = "<group>"; };
		407E11971F32BF00007EFF9D /* RemoveDuplicates.swift */ = {isa = PBXFileReference; lastKnownFileType = sourcecode.swift; path = RemoveDuplicates.swift; sourceTree = "<group>"; };
		407E11991F32BF56007EFF9D /* RemoveDuplicateTests.swift */ = {isa = PBXFileReference; lastKnownFileType = sourcecode.swift; path = RemoveDuplicateTests.swift; sourceTree = "<group>"; };
		407E119B1F330A41007EFF9D /* CondenseWhitespace.swift */ = {isa = PBXFileReference; lastKnownFileType = sourcecode.swift; path = CondenseWhitespace.swift; sourceTree = "<group>"; };
		4094161E20AE965E0013BCE2 /* Pangram.swift */ = {isa = PBXFileReference; lastKnownFileType = sourcecode.swift; path = Pangram.swift; sourceTree = "<group>"; };
		4094162020AE9A620013BCE2 /* PangramTests.swift */ = {isa = PBXFileReference; lastKnownFileType = sourcecode.swift; path = PangramTests.swift; sourceTree = "<group>"; };
		4094162220AEA00C0013BCE2 /* VowelsAndConsonants.swift */ = {isa = PBXFileReference; lastKnownFileType = sourcecode.swift; path = VowelsAndConsonants.swift; sourceTree = "<group>"; };
		4094162420AEA0210013BCE2 /* VowelsAndConsonantsTests.swift */ = {isa = PBXFileReference; lastKnownFileType = sourcecode.swift; path = VowelsAndConsonantsTests.swift; sourceTree = "<group>"; };
		40EAACCB20C77186003E8ED6 /* CenturyFromYear.swift */ = {isa = PBXFileReference; lastKnownFileType = sourcecode.swift; path = CenturyFromYear.swift; sourceTree = "<group>"; };
		40EAACCE20C771B4003E8ED6 /* CenturyFromYearTests.swift */ = {isa = PBXFileReference; lastKnownFileType = sourcecode.swift; path = CenturyFromYearTests.swift; sourceTree = "<group>"; };
		40EAAD3A20CA5077003E8ED6 /* ThreeDifferentLetters.swift */ = {isa = PBXFileReference; lastKnownFileType = sourcecode.swift; path = ThreeDifferentLetters.swift; sourceTree = "<group>"; };
		40EAAD3C20CA578A003E8ED6 /* ThreeDifferentLettersTests.swift */ = {isa = PBXFileReference; lastKnownFileType = sourcecode.swift; path = ThreeDifferentLettersTests.swift; sourceTree = "<group>"; };
		40EAAD3E20CB0F25003E8ED6 /* FindLongestPrefix.swift */ = {isa = PBXFileReference; lastKnownFileType = sourcecode.swift; path = FindLongestPrefix.swift; sourceTree = "<group>"; };
		40EAAD4020CB4982003E8ED6 /* FindLongestPrefixTests.swift */ = {isa = PBXFileReference; lastKnownFileType = sourcecode.swift; path = FindLongestPrefixTests.swift; sourceTree = "<group>"; };
		40F75BE61F319F18000341E9 /* Palindrome.swift */ = {isa = PBXFileReference; fileEncoding = 4; lastKnownFileType = sourcecode.swift; path = Palindrome.swift; sourceTree = "<group>"; };
/* End PBXFileReference section */

/* Begin PBXFrameworksBuildPhase section */
		4038A1941F30431800056C9F /* Frameworks */ = {
			isa = PBXFrameworksBuildPhase;
			buildActionMask = 2147483647;
			files = (
			);
			runOnlyForDeploymentPostprocessing = 0;
		};
		4038A1A61F30431800056C9F /* Frameworks */ = {
			isa = PBXFrameworksBuildPhase;
			buildActionMask = 2147483647;
			files = (
			);
			runOnlyForDeploymentPostprocessing = 0;
		};
		4038A1B11F30431800056C9F /* Frameworks */ = {
			isa = PBXFrameworksBuildPhase;
			buildActionMask = 2147483647;
			files = (
			);
			runOnlyForDeploymentPostprocessing = 0;
		};
/* End PBXFrameworksBuildPhase section */

/* Begin PBXGroup section */
		40001BC91F31A361001C099C /* Strings */ = {
			isa = PBXGroup;
			children = (
				402743581F919BFA00D2E6FF /* CondenseWhitespaceTests.swift */,
				407E11911F31BD32007EFF9D /* ContainsTests.swift */,
				40EAAD4020CB4982003E8ED6 /* FindLongestPrefixTests.swift */,
				402743541F91948D00D2E6FF /* OccurrencesOfCharacterTests.swift */,
				40001BC71F31A211001C099C /* PalindromeTests.swift */,
				4094162020AE9A620013BCE2 /* PangramTests.swift */,
				407E11991F32BF56007EFF9D /* RemoveDuplicateTests.swift */,
				4027435D1F91C6DB00D2E6FF /* RotatedStringTests.swift */,
				407E118D1F31AC8F007EFF9D /* SameCharactersTests.swift */,
				40EAAD3C20CA578A003E8ED6 /* ThreeDifferentLettersTests.swift */,
				4038A1AD1F30431800056C9F /* UniqueCharactersTest.swift */,
				4094162420AEA0210013BCE2 /* VowelsAndConsonantsTests.swift */,
			);
			path = Strings;
			sourceTree = "<group>";
		};
		4027434B1F918B7D00D2E6FF /* Arrays */ = {
			isa = PBXGroup;
			children = (
				4027434C1F918B9500D2E6FF /* ArrayRemoveDuplicatesTests.swift */,
			);
			path = Arrays;
			sourceTree = "<group>";
		};
		4038A18E1F30431700056C9F = {
			isa = PBXGroup;
			children = (
				4038A1991F30431800056C9F /* swift-algorithms */,
				4038A1AC1F30431800056C9F /* swift-algorithmsTests */,
				4038A1B71F30431800056C9F /* swift-algorithmsUITests */,
				4038A1981F30431800056C9F /* Products */,
			);
			sourceTree = "<group>";
		};
		4038A1981F30431800056C9F /* Products */ = {
			isa = PBXGroup;
			children = (
				4038A1971F30431800056C9F /* swift-algorithms.app */,
				4038A1A91F30431800056C9F /* swift-algorithmsTests.xctest */,
				4038A1B41F30431800056C9F /* swift-algorithmsUITests.xctest */,
			);
			name = Products;
			sourceTree = "<group>";
		};
		4038A1991F30431800056C9F /* swift-algorithms */ = {
			isa = PBXGroup;
			children = (
				407D8C891F7BF45F004C6224 /* Arrays */,
				40EAACCA20C7716E003E8ED6 /* Integers */,
				4038A1C81F30523000056C9F /* Strings */,
				4038A19A1F30431800056C9F /* AppDelegate.swift */,
				4038A1C61F30434D00056C9F /* Helpers.swift */,
				4038A19C1F30431800056C9F /* ViewController.swift */,
				4038A19E1F30431800056C9F /* Assets.xcassets */,
				4038A1A01F30431800056C9F /* Main.storyboard */,
				4038A1A31F30431800056C9F /* Info.plist */,
				4038A1A41F30431800056C9F /* swift_algorithms.entitlements */,
			);
			path = "swift-algorithms";
			sourceTree = "<group>";
		};
		4038A1AC1F30431800056C9F /* swift-algorithmsTests */ = {
			isa = PBXGroup;
			children = (
				4027434B1F918B7D00D2E6FF /* Arrays */,
				40EAACCD20C7718C003E8ED6 /* Intergers */,
				40001BC91F31A361001C099C /* Strings */,
				4038A1CB1F3053D700056C9F /* HelpersTest.swift */,
				4038A1AF1F30431800056C9F /* Info.plist */,
			);
			path = "swift-algorithmsTests";
			sourceTree = "<group>";
		};
		4038A1B71F30431800056C9F /* swift-algorithmsUITests */ = {
			isa = PBXGroup;
			children = (
				4038A1B81F30431800056C9F /* swift_algorithmsUITests.swift */,
				4038A1BA1F30431800056C9F /* Info.plist */,
			);
			path = "swift-algorithmsUITests";
			sourceTree = "<group>";
		};
		4038A1C81F30523000056C9F /* Strings */ = {
			isa = PBXGroup;
			children = (
				407E119B1F330A41007EFF9D /* CondenseWhitespace.swift */,
				407E118F1F31B963007EFF9D /* Contains.swift */,
				40EAAD3E20CB0F25003E8ED6 /* FindLongestPrefix.swift */,
				402743511F91931500D2E6FF /* OccurrencesOfCharacter.swift */,
				40F75BE61F319F18000341E9 /* Palindrome.swift */,
				4094161E20AE965E0013BCE2 /* Pangram.swift */,
				407E11971F32BF00007EFF9D /* RemoveDuplicates.swift */,
				4027435A1F91ADDB00D2E6FF /* RotatedString.swift */,
				407E118B1F31A4CE007EFF9D /* SameCharacters.swift */,
				40EAAD3A20CA5077003E8ED6 /* ThreeDifferentLetters.swift */,
				4038A1C91F30524900056C9F /* UniqueCharacters.swift */,
				4094162220AEA00C0013BCE2 /* VowelsAndConsonants.swift */,
			);
			path = Strings;
			sourceTree = "<group>";
		};
		407D8C891F7BF45F004C6224 /* Arrays */ = {
			isa = PBXGroup;
			children = (
				407D8C8A1F7BF478004C6224 /* ArrayRemoveDuplicates.swift */,
			);
			path = Arrays;
			sourceTree = "<group>";
		};
		40EAACCA20C7716E003E8ED6 /* Integers */ = {
			isa = PBXGroup;
			children = (
				40EAACCB20C77186003E8ED6 /* CenturyFromYear.swift */,
			);
			path = Integers;
			sourceTree = "<group>";
		};
		40EAACCD20C7718C003E8ED6 /* Intergers */ = {
			isa = PBXGroup;
			children = (
				40EAACCE20C771B4003E8ED6 /* CenturyFromYearTests.swift */,
			);
			path = Intergers;
			sourceTree = "<group>";
		};
/* End PBXGroup section */

/* Begin PBXNativeTarget section */
		4038A1961F30431800056C9F /* swift-algorithms */ = {
			isa = PBXNativeTarget;
			buildConfigurationList = 4038A1BD1F30431800056C9F /* Build configuration list for PBXNativeTarget "swift-algorithms" */;
			buildPhases = (
				4038A1931F30431800056C9F /* Sources */,
				4038A1941F30431800056C9F /* Frameworks */,
				4038A1951F30431800056C9F /* Resources */,
			);
			buildRules = (
			);
			dependencies = (
			);
			name = "swift-algorithms";
			productName = "swift-algorithms";
			productReference = 4038A1971F30431800056C9F /* swift-algorithms.app */;
			productType = "com.apple.product-type.application";
		};
		4038A1A81F30431800056C9F /* swift-algorithmsTests */ = {
			isa = PBXNativeTarget;
			buildConfigurationList = 4038A1C01F30431800056C9F /* Build configuration list for PBXNativeTarget "swift-algorithmsTests" */;
			buildPhases = (
				4038A1A51F30431800056C9F /* Sources */,
				4038A1A61F30431800056C9F /* Frameworks */,
				4038A1A71F30431800056C9F /* Resources */,
			);
			buildRules = (
			);
			dependencies = (
				4038A1AB1F30431800056C9F /* PBXTargetDependency */,
			);
			name = "swift-algorithmsTests";
			productName = "swift-algorithmsTests";
			productReference = 4038A1A91F30431800056C9F /* swift-algorithmsTests.xctest */;
			productType = "com.apple.product-type.bundle.unit-test";
		};
		4038A1B31F30431800056C9F /* swift-algorithmsUITests */ = {
			isa = PBXNativeTarget;
			buildConfigurationList = 4038A1C31F30431800056C9F /* Build configuration list for PBXNativeTarget "swift-algorithmsUITests" */;
			buildPhases = (
				4038A1B01F30431800056C9F /* Sources */,
				4038A1B11F30431800056C9F /* Frameworks */,
				4038A1B21F30431800056C9F /* Resources */,
			);
			buildRules = (
			);
			dependencies = (
				4038A1B61F30431800056C9F /* PBXTargetDependency */,
			);
			name = "swift-algorithmsUITests";
			productName = "swift-algorithmsUITests";
			productReference = 4038A1B41F30431800056C9F /* swift-algorithmsUITests.xctest */;
			productType = "com.apple.product-type.bundle.ui-testing";
		};
/* End PBXNativeTarget section */

/* Begin PBXProject section */
		4038A18F1F30431700056C9F /* Project object */ = {
			isa = PBXProject;
			attributes = {
				LastSwiftUpdateCheck = 0900;
				LastUpgradeCheck = 0930;
				ORGANIZATIONNAME = "No Name Software";
				TargetAttributes = {
					4038A1961F30431800056C9F = {
						CreatedOnToolsVersion = 9.0;
					};
					4038A1A81F30431800056C9F = {
						CreatedOnToolsVersion = 9.0;
						TestTargetID = 4038A1961F30431800056C9F;
					};
					4038A1B31F30431800056C9F = {
						CreatedOnToolsVersion = 9.0;
						TestTargetID = 4038A1961F30431800056C9F;
					};
				};
			};
			buildConfigurationList = 4038A1921F30431700056C9F /* Build configuration list for PBXProject "swift-algorithms" */;
			compatibilityVersion = "Xcode 8.0";
			developmentRegion = en;
			hasScannedForEncodings = 0;
			knownRegions = (
				en,
				Base,
			);
			mainGroup = 4038A18E1F30431700056C9F;
			productRefGroup = 4038A1981F30431800056C9F /* Products */;
			projectDirPath = "";
			projectRoot = "";
			targets = (
				4038A1961F30431800056C9F /* swift-algorithms */,
				4038A1A81F30431800056C9F /* swift-algorithmsTests */,
				4038A1B31F30431800056C9F /* swift-algorithmsUITests */,
			);
		};
/* End PBXProject section */

/* Begin PBXResourcesBuildPhase section */
		4038A1951F30431800056C9F /* Resources */ = {
			isa = PBXResourcesBuildPhase;
			buildActionMask = 2147483647;
			files = (
				4038A19F1F30431800056C9F /* Assets.xcassets in Resources */,
				4038A1A21F30431800056C9F /* Main.storyboard in Resources */,
			);
			runOnlyForDeploymentPostprocessing = 0;
		};
		4038A1A71F30431800056C9F /* Resources */ = {
			isa = PBXResourcesBuildPhase;
			buildActionMask = 2147483647;
			files = (
			);
			runOnlyForDeploymentPostprocessing = 0;
		};
		4038A1B21F30431800056C9F /* Resources */ = {
			isa = PBXResourcesBuildPhase;
			buildActionMask = 2147483647;
			files = (
			);
			runOnlyForDeploymentPostprocessing = 0;
		};
/* End PBXResourcesBuildPhase section */

/* Begin PBXSourcesBuildPhase section */
		4038A1931F30431800056C9F /* Sources */ = {
			isa = PBXSourcesBuildPhase;
			buildActionMask = 2147483647;
			files = (
				4038A19D1F30431800056C9F /* ViewController.swift in Sources */,
				4094162320AEA00C0013BCE2 /* VowelsAndConsonants.swift in Sources */,
				407E119C1F330A41007EFF9D /* CondenseWhitespace.swift in Sources */,
				4094161F20AE965E0013BCE2 /* Pangram.swift in Sources */,
				402743521F91931500D2E6FF /* OccurrencesOfCharacter.swift in Sources */,
				4027435B1F91ADDB00D2E6FF /* RotatedString.swift in Sources */,
				407E118C1F31A4CE007EFF9D /* SameCharacters.swift in Sources */,
				40EAAD3B20CA5077003E8ED6 /* ThreeDifferentLetters.swift in Sources */,
				40F75BE71F319F18000341E9 /* Palindrome.swift in Sources */,
				407D8C8B1F7BF478004C6224 /* ArrayRemoveDuplicates.swift in Sources */,
				4038A19B1F30431800056C9F /* AppDelegate.swift in Sources */,
				407E11901F31B963007EFF9D /* Contains.swift in Sources */,
				40EAAD3F20CB0F25003E8ED6 /* FindLongestPrefix.swift in Sources */,
				4038A1CA1F30524900056C9F /* UniqueCharacters.swift in Sources */,
				4038A1CD1F30581700056C9F /* Helpers.swift in Sources */,
				407E11981F32BF00007EFF9D /* RemoveDuplicates.swift in Sources */,
				40EAACCC20C77186003E8ED6 /* CenturyFromYear.swift in Sources */,
			);
			runOnlyForDeploymentPostprocessing = 0;
		};
		4038A1A51F30431800056C9F /* Sources */ = {
			isa = PBXSourcesBuildPhase;
			buildActionMask = 2147483647;
			files = (
				4027435E1F91C6DB00D2E6FF /* RotatedStringTests.swift in Sources */,
				4027434D1F918B9500D2E6FF /* ArrayRemoveDuplicatesTests.swift in Sources */,
				4027435C1F91ADDB00D2E6FF /* RotatedString.swift in Sources */,
				4038A1AE1F30431800056C9F /* UniqueCharactersTest.swift in Sources */,
				4094162520AEA0210013BCE2 /* VowelsAndConsonantsTests.swift in Sources */,
				4038A1CE1F30582000056C9F /* Helpers.swift in Sources */,
				407E11921F31BD32007EFF9D /* ContainsTests.swift in Sources */,
				40EAAD3D20CA578A003E8ED6 /* ThreeDifferentLettersTests.swift in Sources */,
				40EAAD4120CB4982003E8ED6 /* FindLongestPrefixTests.swift in Sources */,
				407E118E1F31AC8F007EFF9D /* SameCharactersTests.swift in Sources */,
				40001BC81F31A211001C099C /* PalindromeTests.swift in Sources */,
				4038A1CC1F3053D700056C9F /* HelpersTest.swift in Sources */,
				407E119A1F32BF56007EFF9D /* RemoveDuplicateTests.swift in Sources */,
				40EAACCF20C771B4003E8ED6 /* CenturyFromYearTests.swift in Sources */,
				402743531F91931500D2E6FF /* OccurrencesOfCharacter.swift in Sources */,
				402743591F919BFA00D2E6FF /* CondenseWhitespaceTests.swift in Sources */,
				4027434E1F918C9B00D2E6FF /* ArrayRemoveDuplicates.swift in Sources */,
				402743551F91948D00D2E6FF /* OccurrencesOfCharacterTests.swift in Sources */,
				4094162120AE9A620013BCE2 /* PangramTests.swift in Sources */,
			);
			runOnlyForDeploymentPostprocessing = 0;
		};
		4038A1B01F30431800056C9F /* Sources */ = {
			isa = PBXSourcesBuildPhase;
			buildActionMask = 2147483647;
			files = (
				4038A1B91F30431800056C9F /* swift_algorithmsUITests.swift in Sources */,
			);
			runOnlyForDeploymentPostprocessing = 0;
		};
/* End PBXSourcesBuildPhase section */

/* Begin PBXTargetDependency section */
		4038A1AB1F30431800056C9F /* PBXTargetDependency */ = {
			isa = PBXTargetDependency;
			target = 4038A1961F30431800056C9F /* swift-algorithms */;
			targetProxy = 4038A1AA1F30431800056C9F /* PBXContainerItemProxy */;
		};
		4038A1B61F30431800056C9F /* PBXTargetDependency */ = {
			isa = PBXTargetDependency;
			target = 4038A1961F30431800056C9F /* swift-algorithms */;
			targetProxy = 4038A1B51F30431800056C9F /* PBXContainerItemProxy */;
		};
/* End PBXTargetDependency section */

/* Begin PBXVariantGroup section */
		4038A1A01F30431800056C9F /* Main.storyboard */ = {
			isa = PBXVariantGroup;
			children = (
				4038A1A11F30431800056C9F /* Base */,
			);
			name = Main.storyboard;
			sourceTree = "<group>";
		};
/* End PBXVariantGroup section */

/* Begin XCBuildConfiguration section */
		4038A1BB1F30431800056C9F /* Debug */ = {
			isa = XCBuildConfiguration;
			buildSettings = {
				ALWAYS_SEARCH_USER_PATHS = NO;
				CLANG_ANALYZER_NONNULL = YES;
				CLANG_ANALYZER_NUMBER_OBJECT_CONVERSION = YES_AGGRESSIVE;
				CLANG_CXX_LANGUAGE_STANDARD = "gnu++14";
				CLANG_CXX_LIBRARY = "libc++";
				CLANG_ENABLE_MODULES = YES;
				CLANG_ENABLE_OBJC_ARC = YES;
				CLANG_WARN_BLOCK_CAPTURE_AUTORELEASING = YES;
				CLANG_WARN_BOOL_CONVERSION = YES;
				CLANG_WARN_COMMA = YES;
				CLANG_WARN_CONSTANT_CONVERSION = YES;
				CLANG_WARN_DEPRECATED_OBJC_IMPLEMENTATIONS = YES;
				CLANG_WARN_DIRECT_OBJC_ISA_USAGE = YES_ERROR;
				CLANG_WARN_DOCUMENTATION_COMMENTS = YES;
				CLANG_WARN_EMPTY_BODY = YES;
				CLANG_WARN_ENUM_CONVERSION = YES;
				CLANG_WARN_INFINITE_RECURSION = YES;
				CLANG_WARN_INT_CONVERSION = YES;
				CLANG_WARN_NON_LITERAL_NULL_CONVERSION = YES;
				CLANG_WARN_OBJC_IMPLICIT_RETAIN_SELF = YES;
				CLANG_WARN_OBJC_LITERAL_CONVERSION = YES;
				CLANG_WARN_OBJC_ROOT_CLASS = YES_ERROR;
				CLANG_WARN_RANGE_LOOP_ANALYSIS = YES;
				CLANG_WARN_STRICT_PROTOTYPES = YES;
				CLANG_WARN_SUSPICIOUS_MOVE = YES;
				CLANG_WARN_UNGUARDED_AVAILABILITY = YES_AGGRESSIVE;
				CLANG_WARN_UNREACHABLE_CODE = YES;
				CLANG_WARN__DUPLICATE_METHOD_MATCH = YES;
				CODE_SIGN_IDENTITY = "Mac Developer";
				COPY_PHASE_STRIP = NO;
				DEBUG_INFORMATION_FORMAT = dwarf;
				ENABLE_STRICT_OBJC_MSGSEND = YES;
				ENABLE_TESTABILITY = YES;
				GCC_C_LANGUAGE_STANDARD = gnu11;
				GCC_DYNAMIC_NO_PIC = NO;
				GCC_NO_COMMON_BLOCKS = YES;
				GCC_OPTIMIZATION_LEVEL = 0;
				GCC_PREPROCESSOR_DEFINITIONS = (
					"DEBUG=1",
					"$(inherited)",
				);
				GCC_WARN_64_TO_32_BIT_CONVERSION = YES;
				GCC_WARN_ABOUT_RETURN_TYPE = YES_ERROR;
				GCC_WARN_UNDECLARED_SELECTOR = YES;
				GCC_WARN_UNINITIALIZED_AUTOS = YES_AGGRESSIVE;
				GCC_WARN_UNUSED_FUNCTION = YES;
				GCC_WARN_UNUSED_VARIABLE = YES;
				MACOSX_DEPLOYMENT_TARGET = 10.12;
				MTL_ENABLE_DEBUG_INFO = YES;
				ONLY_ACTIVE_ARCH = YES;
				SDKROOT = macosx;
				SWIFT_ACTIVE_COMPILATION_CONDITIONS = DEBUG;
				SWIFT_OPTIMIZATION_LEVEL = "-Onone";
				SWIFT_VERSION = 4.0;
			};
			name = Debug;
		};
		4038A1BC1F30431800056C9F /* Release */ = {
			isa = XCBuildConfiguration;
			buildSettings = {
				ALWAYS_SEARCH_USER_PATHS = NO;
				CLANG_ANALYZER_NONNULL = YES;
				CLANG_ANALYZER_NUMBER_OBJECT_CONVERSION = YES_AGGRESSIVE;
				CLANG_CXX_LANGUAGE_STANDARD = "gnu++14";
				CLANG_CXX_LIBRARY = "libc++";
				CLANG_ENABLE_MODULES = YES;
				CLANG_ENABLE_OBJC_ARC = YES;
				CLANG_WARN_BLOCK_CAPTURE_AUTORELEASING = YES;
				CLANG_WARN_BOOL_CONVERSION = YES;
				CLANG_WARN_COMMA = YES;
				CLANG_WARN_CONSTANT_CONVERSION = YES;
				CLANG_WARN_DEPRECATED_OBJC_IMPLEMENTATIONS = YES;
				CLANG_WARN_DIRECT_OBJC_ISA_USAGE = YES_ERROR;
				CLANG_WARN_DOCUMENTATION_COMMENTS = YES;
				CLANG_WARN_EMPTY_BODY = YES;
				CLANG_WARN_ENUM_CONVERSION = YES;
				CLANG_WARN_INFINITE_RECURSION = YES;
				CLANG_WARN_INT_CONVERSION = YES;
				CLANG_WARN_NON_LITERAL_NULL_CONVERSION = YES;
				CLANG_WARN_OBJC_IMPLICIT_RETAIN_SELF = YES;
				CLANG_WARN_OBJC_LITERAL_CONVERSION = YES;
				CLANG_WARN_OBJC_ROOT_CLASS = YES_ERROR;
				CLANG_WARN_RANGE_LOOP_ANALYSIS = YES;
				CLANG_WARN_STRICT_PROTOTYPES = YES;
				CLANG_WARN_SUSPICIOUS_MOVE = YES;
				CLANG_WARN_UNGUARDED_AVAILABILITY = YES_AGGRESSIVE;
				CLANG_WARN_UNREACHABLE_CODE = YES;
				CLANG_WARN__DUPLICATE_METHOD_MATCH = YES;
				CODE_SIGN_IDENTITY = "Mac Developer";
				COPY_PHASE_STRIP = NO;
				DEBUG_INFORMATION_FORMAT = "dwarf-with-dsym";
				ENABLE_NS_ASSERTIONS = NO;
				ENABLE_STRICT_OBJC_MSGSEND = YES;
				GCC_C_LANGUAGE_STANDARD = gnu11;
				GCC_NO_COMMON_BLOCKS = YES;
				GCC_WARN_64_TO_32_BIT_CONVERSION = YES;
				GCC_WARN_ABOUT_RETURN_TYPE = YES_ERROR;
				GCC_WARN_UNDECLARED_SELECTOR = YES;
				GCC_WARN_UNINITIALIZED_AUTOS = YES_AGGRESSIVE;
				GCC_WARN_UNUSED_FUNCTION = YES;
				GCC_WARN_UNUSED_VARIABLE = YES;
				MACOSX_DEPLOYMENT_TARGET = 10.12;
				MTL_ENABLE_DEBUG_INFO = NO;
				SDKROOT = macosx;
				SWIFT_OPTIMIZATION_LEVEL = "-Owholemodule";
				SWIFT_VERSION = 4.0;
			};
			name = Release;
		};
		4038A1BE1F30431800056C9F /* Debug */ = {
			isa = XCBuildConfiguration;
			buildSettings = {
				ASSETCATALOG_COMPILER_APPICON_NAME = AppIcon;
				CODE_SIGN_ENTITLEMENTS = "swift-algorithms/swift_algorithms.entitlements";
				COMBINE_HIDPI_IMAGES = YES;
				DEVELOPMENT_TEAM = 92P37DJX69;
				INFOPLIST_FILE = "swift-algorithms/Info.plist";
				LD_RUNPATH_SEARCH_PATHS = "$(inherited) @executable_path/../Frameworks";
				PRODUCT_BUNDLE_IDENTIFIER = "com.nns.swift-algorithms";
				PRODUCT_NAME = "$(TARGET_NAME)";
				SWIFT_VERSION = 4.0;
			};
			name = Debug;
		};
		4038A1BF1F30431800056C9F /* Release */ = {
			isa = XCBuildConfiguration;
			buildSettings = {
				ASSETCATALOG_COMPILER_APPICON_NAME = AppIcon;
				CODE_SIGN_ENTITLEMENTS = "swift-algorithms/swift_algorithms.entitlements";
				COMBINE_HIDPI_IMAGES = YES;
				DEVELOPMENT_TEAM = 92P37DJX69;
				INFOPLIST_FILE = "swift-algorithms/Info.plist";
				LD_RUNPATH_SEARCH_PATHS = "$(inherited) @executable_path/../Frameworks";
				PRODUCT_BUNDLE_IDENTIFIER = "com.nns.swift-algorithms";
				PRODUCT_NAME = "$(TARGET_NAME)";
				SWIFT_VERSION = 4.0;
			};
			name = Release;
		};
		4038A1C11F30431800056C9F /* Debug */ = {
			isa = XCBuildConfiguration;
			buildSettings = {
				ALWAYS_EMBED_SWIFT_STANDARD_LIBRARIES = YES;
				BUNDLE_LOADER = "$(TEST_HOST)";
				COMBINE_HIDPI_IMAGES = YES;
				DEVELOPMENT_TEAM = 92P37DJX69;
				INFOPLIST_FILE = "swift-algorithmsTests/Info.plist";
				LD_RUNPATH_SEARCH_PATHS = "$(inherited) @executable_path/../Frameworks @loader_path/../Frameworks";
				PRODUCT_BUNDLE_IDENTIFIER = "com.nns.swift-algorithmsTests";
				PRODUCT_NAME = "$(TARGET_NAME)";
				SWIFT_VERSION = 4.0;
				TEST_HOST = "$(BUILT_PRODUCTS_DIR)/swift-algorithms.app/Contents/MacOS/swift-algorithms";
			};
			name = Debug;
		};
		4038A1C21F30431800056C9F /* Release */ = {
			isa = XCBuildConfiguration;
			buildSettings = {
				ALWAYS_EMBED_SWIFT_STANDARD_LIBRARIES = YES;
				BUNDLE_LOADER = "$(TEST_HOST)";
				COMBINE_HIDPI_IMAGES = YES;
				DEVELOPMENT_TEAM = 92P37DJX69;
				INFOPLIST_FILE = "swift-algorithmsTests/Info.plist";
				LD_RUNPATH_SEARCH_PATHS = "$(inherited) @executable_path/../Frameworks @loader_path/../Frameworks";
				PRODUCT_BUNDLE_IDENTIFIER = "com.nns.swift-algorithmsTests";
				PRODUCT_NAME = "$(TARGET_NAME)";
				SWIFT_VERSION = 4.0;
				TEST_HOST = "$(BUILT_PRODUCTS_DIR)/swift-algorithms.app/Contents/MacOS/swift-algorithms";
			};
			name = Release;
		};
		4038A1C41F30431800056C9F /* Debug */ = {
			isa = XCBuildConfiguration;
			buildSettings = {
				ALWAYS_EMBED_SWIFT_STANDARD_LIBRARIES = YES;
				COMBINE_HIDPI_IMAGES = YES;
				DEVELOPMENT_TEAM = 92P37DJX69;
				INFOPLIST_FILE = "swift-algorithmsUITests/Info.plist";
				LD_RUNPATH_SEARCH_PATHS = "$(inherited) @executable_path/../Frameworks @loader_path/../Frameworks";
				PRODUCT_BUNDLE_IDENTIFIER = "com.nns.swift-algorithmsUITests";
				PRODUCT_NAME = "$(TARGET_NAME)";
				SWIFT_VERSION = 4.0;
				TEST_TARGET_NAME = "swift-algorithms";
			};
			name = Debug;
		};
		4038A1C51F30431800056C9F /* Release */ = {
			isa = XCBuildConfiguration;
			buildSettings = {
				ALWAYS_EMBED_SWIFT_STANDARD_LIBRARIES = YES;
				COMBINE_HIDPI_IMAGES = YES;
				DEVELOPMENT_TEAM = 92P37DJX69;
				INFOPLIST_FILE = "swift-algorithmsUITests/Info.plist";
				LD_RUNPATH_SEARCH_PATHS = "$(inherited) @executable_path/../Frameworks @loader_path/../Frameworks";
				PRODUCT_BUNDLE_IDENTIFIER = "com.nns.swift-algorithmsUITests";
				PRODUCT_NAME = "$(TARGET_NAME)";
				SWIFT_VERSION = 4.0;
				TEST_TARGET_NAME = "swift-algorithms";
			};
			name = Release;
		};
/* End XCBuildConfiguration section */

/* Begin XCConfigurationList section */
		4038A1921F30431700056C9F /* Build configuration list for PBXProject "swift-algorithms" */ = {
			isa = XCConfigurationList;
			buildConfigurations = (
				4038A1BB1F30431800056C9F /* Debug */,
				4038A1BC1F30431800056C9F /* Release */,
			);
			defaultConfigurationIsVisible = 0;
			defaultConfigurationName = Release;
		};
		4038A1BD1F30431800056C9F /* Build configuration list for PBXNativeTarget "swift-algorithms" */ = {
			isa = XCConfigurationList;
			buildConfigurations = (
				4038A1BE1F30431800056C9F /* Debug */,
				4038A1BF1F30431800056C9F /* Release */,
			);
			defaultConfigurationIsVisible = 0;
			defaultConfigurationName = Release;
		};
		4038A1C01F30431800056C9F /* Build configuration list for PBXNativeTarget "swift-algorithmsTests" */ = {
			isa = XCConfigurationList;
			buildConfigurations = (
				4038A1C11F30431800056C9F /* Debug */,
				4038A1C21F30431800056C9F /* Release */,
			);
			defaultConfigurationIsVisible = 0;
			defaultConfigurationName = Release;
		};
		4038A1C31F30431800056C9F /* Build configuration list for PBXNativeTarget "swift-algorithmsUITests" */ = {
			isa = XCConfigurationList;
			buildConfigurations = (
				4038A1C41F30431800056C9F /* Debug */,
				4038A1C51F30431800056C9F /* Release */,
			);
			defaultConfigurationIsVisible = 0;
			defaultConfigurationName = Release;
		};
/* End XCConfigurationList section */
	};
	rootObject = 4038A18F1F30431700056C9F /* Project object */;
}
